
Microsoft Visual Studio Solution File, Format Version 12.00
# Visual Studio Version 17
VisualStudioVersion = 17.6.33801.468
MinimumVisualStudioVersion = 10.0.40219.1
Project("{9A19103F-16F7-4668-BE54-9A1E7A4F7556}") = "ML_START_1", "ML_START_1.csproj", "{319CECA6-E66C-42D8-8D66-813BF6C05E23}"
EndProject
Project("{9A19103F-16F7-4668-BE54-9A1E7A4F7556}") = "LoggingLibrary", "Modules\LoggingLibrary\LoggingLibrary.csproj", "{FC3DC7B1-7328-4EB2-9728-F23E167BC691}"
EndProject
Project("{9A19103F-16F7-4668-BE54-9A1E7A4F7556}") = "MLSTART_GUI", "Modules\MLSTART_GUI\MLSTART_GUI.csproj", "{CB90404C-32CA-4F06-96B2-55247FC28FDA}"
EndProject
Global
	GlobalSection(SolutionConfigurationPlatforms) = preSolution
		Debug|Any CPU = Debug|Any CPU
		Release|Any CPU = Release|Any CPU
	EndGlobalSection
	GlobalSection(ProjectConfigurationPlatforms) = postSolution
		{319CECA6-E66C-42D8-8D66-813BF6C05E23}.Debug|Any CPU.ActiveCfg = Debug|Any CPU
		{319CECA6-E66C-42D8-8D66-813BF6C05E23}.Debug|Any CPU.Build.0 = Debug|Any CPU
		{319CECA6-E66C-42D8-8D66-813BF6C05E23}.Release|Any CPU.ActiveCfg = Release|Any CPU
		{319CECA6-E66C-42D8-8D66-813BF6C05E23}.Release|Any CPU.Build.0 = Release|Any CPU
		{FC3DC7B1-7328-4EB2-9728-F23E167BC691}.Debug|Any CPU.ActiveCfg = Debug|Any CPU
		{FC3DC7B1-7328-4EB2-9728-F23E167BC691}.Debug|Any CPU.Build.0 = Debug|Any CPU
		{FC3DC7B1-7328-4EB2-9728-F23E167BC691}.Release|Any CPU.ActiveCfg = Release|Any CPU
		{FC3DC7B1-7328-4EB2-9728-F23E167BC691}.Release|Any CPU.Build.0 = Release|Any CPU
		{CB90404C-32CA-4F06-96B2-55247FC28FDA}.Debug|Any CPU.ActiveCfg = Debug|Any CPU
		{CB90404C-32CA-4F06-96B2-55247FC28FDA}.Debug|Any CPU.Build.0 = Debug|Any CPU
		{CB90404C-32CA-4F06-96B2-55247FC28FDA}.Release|Any CPU.ActiveCfg = Release|Any CPU
		{CB90404C-32CA-4F06-96B2-55247FC28FDA}.Release|Any CPU.Build.0 = Release|Any CPU
	EndGlobalSection
	GlobalSection(SolutionProperties) = preSolution
		HideSolutionNode = FALSE
	EndGlobalSection
	GlobalSection(ExtensibilityGlobals) = postSolution
		SolutionGuid = {3B4A7842-596A-470D-B9EA-1120643B2C95}
	EndGlobalSection
EndGlobal
