
Microsoft Visual Studio Solution File, Format Version 12.00
# Visual Studio Version 17
VisualStudioVersion = 17.6.33801.468
MinimumVisualStudioVersion = 10.0.40219.1
Project("{9A19103F-16F7-4668-BE54-9A1E7A4F7556}") = "MLSTART_GUI", "ML_START_GUI\MLSTART_GUI.csproj", "{3164F5D4-D0FB-4A72-84CB-9BABDA6639EF}"
	ProjectSection(ProjectDependencies) = postProject
		{BB7E11BD-6661-4A74-BB09-2A78CBAD249F} = {BB7E11BD-6661-4A74-BB09-2A78CBAD249F}
	EndProjectSection
EndProject
Project("{9A19103F-16F7-4668-BE54-9A1E7A4F7556}") = "ML_START_1", "ML_START_1\ML_START_1.csproj", "{E6462580-FACA-4EAD-A167-757C5B5D74B0}"
	ProjectSection(ProjectDependencies) = postProject
		{BB7E11BD-6661-4A74-BB09-2A78CBAD249F} = {BB7E11BD-6661-4A74-BB09-2A78CBAD249F}
	EndProjectSection
EndProject
Project("{9A19103F-16F7-4668-BE54-9A1E7A4F7556}") = "Server", "Server\Server.csproj", "{ECB8CFEC-4F1A-4343-9D77-59303B731B88}"
	ProjectSection(ProjectDependencies) = postProject
		{BB7E11BD-6661-4A74-BB09-2A78CBAD249F} = {BB7E11BD-6661-4A74-BB09-2A78CBAD249F}
	EndProjectSection
EndProject
Project("{9A19103F-16F7-4668-BE54-9A1E7A4F7556}") = "ToolLibrary", "ToolLibrary\ToolLibrary.csproj", "{BB7E11BD-6661-4A74-BB09-2A78CBAD249F}"
EndProject
Project("{FAE04EC0-301F-11D3-BF4B-00C04F79EFBC}") = "Inference_Interaction_Service", "Inference_Interaction_Service\Inference_Interaction_Service.csproj", "{FB8E617C-498F-460F-826E-F7A4EC830483}"
EndProject
Global
	GlobalSection(SolutionConfigurationPlatforms) = preSolution
		Debug|Any CPU = Debug|Any CPU
		Release|Any CPU = Release|Any CPU
	EndGlobalSection
	GlobalSection(ProjectConfigurationPlatforms) = postSolution
		{3164F5D4-D0FB-4A72-84CB-9BABDA6639EF}.Debug|Any CPU.ActiveCfg = Debug|Any CPU
		{3164F5D4-D0FB-4A72-84CB-9BABDA6639EF}.Debug|Any CPU.Build.0 = Debug|Any CPU
		{3164F5D4-D0FB-4A72-84CB-9BABDA6639EF}.Release|Any CPU.ActiveCfg = Release|Any CPU
		{3164F5D4-D0FB-4A72-84CB-9BABDA6639EF}.Release|Any CPU.Build.0 = Release|Any CPU
		{E6462580-FACA-4EAD-A167-757C5B5D74B0}.Debug|Any CPU.ActiveCfg = Debug|Any CPU
		{E6462580-FACA-4EAD-A167-757C5B5D74B0}.Debug|Any CPU.Build.0 = Debug|Any CPU
		{E6462580-FACA-4EAD-A167-757C5B5D74B0}.Release|Any CPU.ActiveCfg = Release|Any CPU
		{E6462580-FACA-4EAD-A167-757C5B5D74B0}.Release|Any CPU.Build.0 = Release|Any CPU
		{ECB8CFEC-4F1A-4343-9D77-59303B731B88}.Debug|Any CPU.ActiveCfg = Debug|Any CPU
		{ECB8CFEC-4F1A-4343-9D77-59303B731B88}.Debug|Any CPU.Build.0 = Debug|Any CPU
		{ECB8CFEC-4F1A-4343-9D77-59303B731B88}.Release|Any CPU.ActiveCfg = Release|Any CPU
		{ECB8CFEC-4F1A-4343-9D77-59303B731B88}.Release|Any CPU.Build.0 = Release|Any CPU
		{BB7E11BD-6661-4A74-BB09-2A78CBAD249F}.Debug|Any CPU.ActiveCfg = Debug|Any CPU
		{BB7E11BD-6661-4A74-BB09-2A78CBAD249F}.Debug|Any CPU.Build.0 = Debug|Any CPU
		{BB7E11BD-6661-4A74-BB09-2A78CBAD249F}.Release|Any CPU.ActiveCfg = Release|Any CPU
		{BB7E11BD-6661-4A74-BB09-2A78CBAD249F}.Release|Any CPU.Build.0 = Release|Any CPU
		{FB8E617C-498F-460F-826E-F7A4EC830483}.Debug|Any CPU.ActiveCfg = Debug|Any CPU
		{FB8E617C-498F-460F-826E-F7A4EC830483}.Debug|Any CPU.Build.0 = Debug|Any CPU
		{FB8E617C-498F-460F-826E-F7A4EC830483}.Release|Any CPU.ActiveCfg = Release|Any CPU
		{FB8E617C-498F-460F-826E-F7A4EC830483}.Release|Any CPU.Build.0 = Release|Any CPU
	EndGlobalSection
	GlobalSection(SolutionProperties) = preSolution
		HideSolutionNode = FALSE
	EndGlobalSection
	GlobalSection(ExtensibilityGlobals) = postSolution
		SolutionGuid = {3B4A7842-596A-470D-B9EA-1120643B2C95}
	EndGlobalSection
EndGlobal
